<?xml version="1.0" encoding="utf-8"?>
<Project ToolsVersion="4.0" xmlns="http://schemas.microsoft.com/developer/msbuild/2003">
  <ItemGroup>
    <Filter Include="Externals">
      <UniqueIdentifier>{7B3ECCEB-E7A8-8062-30E7-31089C905EB7}</UniqueIdentifier>
    </Filter>
    <Filter Include="Externals\json">
      <UniqueIdentifier>{241B9CED-10E9-8FF3-F97C-001AE5E96B58}</UniqueIdentifier>
    </Filter>
    <Filter Include="src">
      <UniqueIdentifier>{2DAB880B-99B4-887C-2230-9F7C8E38947C}</UniqueIdentifier>
    </Filter>
    <Filter Include="src\Platform">
      <UniqueIdentifier>{21CA02E5-0D2D-9289-B6B2-CA3FA2F45D0C}</UniqueIdentifier>
    </Filter>
    <Filter Include="src\Platform\Win32">
      <UniqueIdentifier>{C356B8F2-AF3A-7948-189B-739B049E63CA}</UniqueIdentifier>
    </Filter>
  </ItemGroup>
  <ItemGroup>
    <ClInclude Include="src\Application.h">
      <Filter>src</Filter>
    </ClInclude>
    <ClInclude Include="src\Log.h">
      <Filter>src</Filter>
    </ClInclude>
    <ClInclude Include="src\Platform\Win32\Win32_Window.h">
      <Filter>src\Platform\Win32</Filter>
    </ClInclude>
    <ClInclude Include="src\PlopInclude.h">
      <Filter>src</Filter>
    </ClInclude>
    <ClInclude Include="src\Plop_pch.h">
      <Filter>src</Filter>
    </ClInclude>
    <ClInclude Include="src\Types.h">
      <Filter>src</Filter>
    </ClInclude>
    <ClInclude Include="src\Window.h">
      <Filter>src</Filter>
    </ClInclude>
  </ItemGroup>
  <ItemGroup>
    <ClCompile Include="src\Application.cpp">
      <Filter>src</Filter>
    </ClCompile>
    <ClCompile Include="src\Log.cpp">
      <Filter>src</Filter>
    </ClCompile>
    <ClCompile Include="src\Platform\Win32\Win32_Window.cpp">
      <Filter>src\Platform\Win32</Filter>
    </ClCompile>
    <ClCompile Include="src\Plop_pch.cpp">
      <Filter>src</Filter>
    </ClCompile>
  </ItemGroup>
  <ItemGroup>
    <Natvis Include="..\Externals\json\nlohmann_json.natvis">
      <Filter>Externals\json</Filter>
    </Natvis>
  </ItemGroup>
</Project>